// !$*UTF8*$!
{
	archiveVersion = 1;
	classes = {
	};
	objectVersion = 46;
	objects = {

/* Begin PBXBuildFile section */
		029E199368A70A6145085884 /* Pods_tkannaTests.framework in Frameworks */ = {isa = PBXBuildFile; fileRef = 64C417B02A6CBE4D98E9FF8A /* Pods_tkannaTests.framework */; };
		5C1D3D2E1D3BFE05006096F8 /* checkconnection.swift in Sources */ = {isa = PBXBuildFile; fileRef = 5C1D3D2D1D3BFE05006096F8 /* checkconnection.swift */; };
		5C21CD9F1D3863090078F56B /* Images.xcassets in Resources */ = {isa = PBXBuildFile; fileRef = 5C21CD9E1D3863090078F56B /* Images.xcassets */; };
		5C21CDA11D387A290078F56B /* item.swift in Sources */ = {isa = PBXBuildFile; fileRef = 5C21CDA01D387A290078F56B /* item.swift */; };
		5C7A8C851D1557B5002DA4B7 /* AppDelegate.swift in Sources */ = {isa = PBXBuildFile; fileRef = 5C7A8C841D1557B5002DA4B7 /* AppDelegate.swift */; };
		5C7A8C871D1557B5002DA4B7 /* ViewController.swift in Sources */ = {isa = PBXBuildFile; fileRef = 5C7A8C861D1557B5002DA4B7 /* ViewController.swift */; };
		5C7A8C8C1D1557B5002DA4B7 /* Assets.xcassets in Resources */ = {isa = PBXBuildFile; fileRef = 5C7A8C8B1D1557B5002DA4B7 /* Assets.xcassets */; };
		5C7A8C8F1D1557B5002DA4B7 /* LaunchScreen.storyboard in Resources */ = {isa = PBXBuildFile; fileRef = 5C7A8C8D1D1557B5002DA4B7 /* LaunchScreen.storyboard */; };
		5C7A8C9A1D1557B6002DA4B7 /* tkannaTests.swift in Sources */ = {isa = PBXBuildFile; fileRef = 5C7A8C991D1557B6002DA4B7 /* tkannaTests.swift */; };
		5C7A8CA51D1557B6002DA4B7 /* tkannaUITests.swift in Sources */ = {isa = PBXBuildFile; fileRef = 5C7A8CA41D1557B6002DA4B7 /* tkannaUITests.swift */; };
		5CBD92411D197B3400F0E0B6 /* detailsViewController.swift in Sources */ = {isa = PBXBuildFile; fileRef = 5CBD92401D197B3400F0E0B6 /* detailsViewController.swift */; };
		5CC2C7CA1D723CCE00082983 /* InfoPlist.strings in Resources */ = {isa = PBXBuildFile; fileRef = 5CC2C7CC1D723CCE00082983 /* InfoPlist.strings */; };
		5CC2C7CF1D723CCE00082983 /* InfoPlist.strings in Resources */ = {isa = PBXBuildFile; fileRef = 5CC2C7D11D723CCE00082983 /* InfoPlist.strings */; };
		5CC2C7D41D723CCF00082983 /* InfoPlist.strings in Resources */ = {isa = PBXBuildFile; fileRef = 5CC2C7D61D723CCF00082983 /* InfoPlist.strings */; };
		5CC2C7D91D723CCF00082983 /* Localizable.strings in Resources */ = {isa = PBXBuildFile; fileRef = 5CC2C7DB1D723CCF00082983 /* Localizable.strings */; };
		5CD11D8C1D390AF50009AFED /* Main.storyboard in Resources */ = {isa = PBXBuildFile; fileRef = 5CD11D8A1D390AF50009AFED /* Main.storyboard */; };
		A2BF32A10CE49D51722DD380 /* Pods_tkannaUITests.framework in Frameworks */ = {isa = PBXBuildFile; fileRef = FB267392B71BDA574D179177 /* Pods_tkannaUITests.framework */; };
		D069B9EA672A0761DE39CE07 /* Pods_tkanna.framework in Frameworks */ = {isa = PBXBuildFile; fileRef = CFFCECD26CE3B2DF54B4B97F /* Pods_tkanna.framework */; settings = {ATTRIBUTES = (Required, ); }; };
/* End PBXBuildFile section */

/* Begin PBXContainerItemProxy section */
		5C7A8C961D1557B6002DA4B7 /* PBXContainerItemProxy */ = {
			isa = PBXContainerItemProxy;
			containerPortal = 5C7A8C791D1557B5002DA4B7 /* Project object */;
			proxyType = 1;
			remoteGlobalIDString = 5C7A8C801D1557B5002DA4B7;
			remoteInfo = tkanna;
		};
		5C7A8CA11D1557B6002DA4B7 /* PBXContainerItemProxy */ = {
			isa = PBXContainerItemProxy;
			containerPortal = 5C7A8C791D1557B5002DA4B7 /* Project object */;
			proxyType = 1;
			remoteGlobalIDString = 5C7A8C801D1557B5002DA4B7;
			remoteInfo = tkanna;
		};
/* End PBXContainerItemProxy section */

/* Begin PBXFileReference section */
		1156694C350643AFF7AE14FF /* Pods-tkanna.debug.xcconfig */ = {isa = PBXFileReference; includeInIndex = 1; lastKnownFileType = text.xcconfig; name = "Pods-tkanna.debug.xcconfig"; path = "Pods/Target Support Files/Pods-tkanna/Pods-tkanna.debug.xcconfig"; sourceTree = "<group>"; };
		5C1D3D2D1D3BFE05006096F8 /* checkconnection.swift */ = {isa = PBXFileReference; fileEncoding = 4; lastKnownFileType = sourcecode.swift; path = checkconnection.swift; sourceTree = "<group>"; };
		5C21CD9E1D3863090078F56B /* Images.xcassets */ = {isa = PBXFileReference; lastKnownFileType = folder.assetcatalog; path = Images.xcassets; sourceTree = "<group>"; };
		5C21CDA01D387A290078F56B /* item.swift */ = {isa = PBXFileReference; fileEncoding = 4; lastKnownFileType = sourcecode.swift; path = item.swift; sourceTree = "<group>"; };
		5C7A8C811D1557B5002DA4B7 /* tkanna.app */ = {isa = PBXFileReference; explicitFileType = wrapper.application; includeInIndex = 0; path = tkanna.app; sourceTree = BUILT_PRODUCTS_DIR; };
		5C7A8C841D1557B5002DA4B7 /* AppDelegate.swift */ = {isa = PBXFileReference; lastKnownFileType = sourcecode.swift; path = AppDelegate.swift; sourceTree = "<group>"; };
		5C7A8C861D1557B5002DA4B7 /* ViewController.swift */ = {isa = PBXFileReference; lastKnownFileType = sourcecode.swift; path = ViewController.swift; sourceTree = "<group>"; };
		5C7A8C8B1D1557B5002DA4B7 /* Assets.xcassets */ = {isa = PBXFileReference; lastKnownFileType = folder.assetcatalog; path = Assets.xcassets; sourceTree = "<group>"; };
		5C7A8C8E1D1557B5002DA4B7 /* Base */ = {isa = PBXFileReference; lastKnownFileType = file.storyboard; name = Base; path = Base.lproj/LaunchScreen.storyboard; sourceTree = "<group>"; };
		5C7A8C901D1557B5002DA4B7 /* Info.plist */ = {isa = PBXFileReference; lastKnownFileType = text.plist.xml; path = Info.plist; sourceTree = "<group>"; };
		5C7A8C951D1557B6002DA4B7 /* tkannaTests.xctest */ = {isa = PBXFileReference; explicitFileType = wrapper.cfbundle; includeInIndex = 0; path = tkannaTests.xctest; sourceTree = BUILT_PRODUCTS_DIR; };
		5C7A8C991D1557B6002DA4B7 /* tkannaTests.swift */ = {isa = PBXFileReference; lastKnownFileType = sourcecode.swift; path = tkannaTests.swift; sourceTree = "<group>"; };
		5C7A8C9B1D1557B6002DA4B7 /* Info.plist */ = {isa = PBXFileReference; lastKnownFileType = text.plist.xml; path = Info.plist; sourceTree = "<group>"; };
		5C7A8CA01D1557B6002DA4B7 /* tkannaUITests.xctest */ = {isa = PBXFileReference; explicitFileType = wrapper.cfbundle; includeInIndex = 0; path = tkannaUITests.xctest; sourceTree = BUILT_PRODUCTS_DIR; };
		5C7A8CA41D1557B6002DA4B7 /* tkannaUITests.swift */ = {isa = PBXFileReference; lastKnownFileType = sourcecode.swift; path = tkannaUITests.swift; sourceTree = "<group>"; };
		5C7A8CA61D1557B6002DA4B7 /* Info.plist */ = {isa = PBXFileReference; lastKnownFileType = text.plist.xml; path = Info.plist; sourceTree = "<group>"; };
		5CBD92401D197B3400F0E0B6 /* detailsViewController.swift */ = {isa = PBXFileReference; fileEncoding = 4; lastKnownFileType = sourcecode.swift; path = detailsViewController.swift; sourceTree = "<group>"; };
		5CC2C7BE1D72348100082983 /* de */ = {isa = PBXFileReference; lastKnownFileType = text.plist.strings; name = de; path = de.lproj/Main.strings; sourceTree = "<group>"; };
		5CC2C7BF1D72348100082983 /* de */ = {isa = PBXFileReference; lastKnownFileType = text.plist.strings; name = de; path = de.lproj/LaunchScreen.strings; sourceTree = "<group>"; };
		5CC2C7C01D72348700082983 /* fr */ = {isa = PBXFileReference; lastKnownFileType = text.plist.strings; name = fr; path = fr.lproj/Main.strings; sourceTree = "<group>"; };
		5CC2C7C11D72348700082983 /* fr */ = {isa = PBXFileReference; lastKnownFileType = text.plist.strings; name = fr; path = fr.lproj/LaunchScreen.strings; sourceTree = "<group>"; };
		5CC2C7C21D72349000082983 /* nl */ = {isa = PBXFileReference; lastKnownFileType = text.plist.strings; name = nl; path = nl.lproj/Main.strings; sourceTree = "<group>"; };
		5CC2C7C31D72349000082983 /* nl */ = {isa = PBXFileReference; lastKnownFileType = text.plist.strings; name = nl; path = nl.lproj/LaunchScreen.strings; sourceTree = "<group>"; };
		5CC2C7C41D72349800082983 /* pl */ = {isa = PBXFileReference; lastKnownFileType = text.plist.strings; name = pl; path = pl.lproj/Main.strings; sourceTree = "<group>"; };
		5CC2C7C51D72349800082983 /* pl */ = {isa = PBXFileReference; lastKnownFileType = text.plist.strings; name = pl; path = pl.lproj/LaunchScreen.strings; sourceTree = "<group>"; };
		5CC2C7C61D72349E00082983 /* tr */ = {isa = PBXFileReference; lastKnownFileType = text.plist.strings; name = tr; path = tr.lproj/Main.strings; sourceTree = "<group>"; };
		5CC2C7C71D72349E00082983 /* tr */ = {isa = PBXFileReference; lastKnownFileType = text.plist.strings; name = tr; path = tr.lproj/LaunchScreen.strings; sourceTree = "<group>"; };
		5CC2C7CB1D723CCE00082983 /* de */ = {isa = PBXFileReference; lastKnownFileType = text.plist.strings; name = de; path = de.lproj/InfoPlist.strings; sourceTree = "<group>"; };
		5CC2C7D01D723CCE00082983 /* de */ = {isa = PBXFileReference; lastKnownFileType = text.plist.strings; name = de; path = de.lproj/InfoPlist.strings; sourceTree = "<group>"; };
		5CC2C7D51D723CCF00082983 /* de */ = {isa = PBXFileReference; lastKnownFileType = text.plist.strings; name = de; path = de.lproj/InfoPlist.strings; sourceTree = "<group>"; };
		5CC2C7DA1D723CCF00082983 /* de */ = {isa = PBXFileReference; lastKnownFileType = text.plist.strings; name = de; path = de.lproj/Localizable.strings; sourceTree = "<group>"; };
		5CC2C7DC1D723CE700082983 /* fr */ = {isa = PBXFileReference; lastKnownFileType = text.plist.strings; name = fr; path = fr.lproj/InfoPlist.strings; sourceTree = "<group>"; };
		5CC2C7DD1D723CE700082983 /* fr */ = {isa = PBXFileReference; lastKnownFileType = text.plist.strings; name = fr; path = fr.lproj/InfoPlist.strings; sourceTree = "<group>"; };
		5CC2C7DE1D723CE700082983 /* fr */ = {isa = PBXFileReference; lastKnownFileType = text.plist.strings; name = fr; path = fr.lproj/InfoPlist.strings; sourceTree = "<group>"; };
		5CC2C7DF1D723CE700082983 /* fr */ = {isa = PBXFileReference; lastKnownFileType = text.plist.strings; name = fr; path = fr.lproj/Localizable.strings; sourceTree = "<group>"; };
		5CC2C7E01D723CFD00082983 /* nl */ = {isa = PBXFileReference; lastKnownFileType = text.plist.strings; name = nl; path = nl.lproj/InfoPlist.strings; sourceTree = "<group>"; };
		5CC2C7E11D723CFE00082983 /* nl */ = {isa = PBXFileReference; lastKnownFileType = text.plist.strings; name = nl; path = nl.lproj/InfoPlist.strings; sourceTree = "<group>"; };
		5CC2C7E21D723CFE00082983 /* nl */ = {isa = PBXFileReference; lastKnownFileType = text.plist.strings; name = nl; path = nl.lproj/InfoPlist.strings; sourceTree = "<group>"; };
		5CC2C7E31D723CFE00082983 /* nl */ = {isa = PBXFileReference; lastKnownFileType = text.plist.strings; name = nl; path = nl.lproj/Localizable.strings; sourceTree = "<group>"; };
		5CC2C7E41D723D1200082983 /* pl */ = {isa = PBXFileReference; lastKnownFileType = text.plist.strings; name = pl; path = pl.lproj/InfoPlist.strings; sourceTree = "<group>"; };
		5CC2C7E51D723D1200082983 /* pl */ = {isa = PBXFileReference; lastKnownFileType = text.plist.strings; name = pl; path = pl.lproj/InfoPlist.strings; sourceTree = "<group>"; };
		5CC2C7E61D723D1200082983 /* pl */ = {isa = PBXFileReference; lastKnownFileType = text.plist.strings; name = pl; path = pl.lproj/InfoPlist.strings; sourceTree = "<group>"; };
		5CC2C7E71D723D1300082983 /* pl */ = {isa = PBXFileReference; lastKnownFileType = text.plist.strings; name = pl; path = pl.lproj/Localizable.strings; sourceTree = "<group>"; };
		5CC2C7E81D723D2800082983 /* tr */ = {isa = PBXFileReference; lastKnownFileType = text.plist.strings; name = tr; path = tr.lproj/InfoPlist.strings; sourceTree = "<group>"; };
		5CC2C7E91D723D2800082983 /* tr */ = {isa = PBXFileReference; lastKnownFileType = text.plist.strings; name = tr; path = tr.lproj/InfoPlist.strings; sourceTree = "<group>"; };
		5CC2C7EA1D723D2900082983 /* tr */ = {isa = PBXFileReference; lastKnownFileType = text.plist.strings; name = tr; path = tr.lproj/InfoPlist.strings; sourceTree = "<group>"; };
		5CC2C7EB1D723D2900082983 /* tr */ = {isa = PBXFileReference; lastKnownFileType = text.plist.strings; name = tr; path = tr.lproj/Localizable.strings; sourceTree = "<group>"; };
		5CD11D8B1D390AF50009AFED /* Base */ = {isa = PBXFileReference; lastKnownFileType = file.storyboard; name = Base; path = Base.lproj/Main.storyboard; sourceTree = "<group>"; };
		64C417B02A6CBE4D98E9FF8A /* Pods_tkannaTests.framework */ = {isa = PBXFileReference; explicitFileType = wrapper.framework; includeInIndex = 0; path = Pods_tkannaTests.framework; sourceTree = BUILT_PRODUCTS_DIR; };
		8BC2BEC6804E678C88BFBE6D /* Pods-tkannaTests.release.xcconfig */ = {isa = PBXFileReference; includeInIndex = 1; lastKnownFileType = text.xcconfig; name = "Pods-tkannaTests.release.xcconfig"; path = "Pods/Target Support Files/Pods-tkannaTests/Pods-tkannaTests.release.xcconfig"; sourceTree = "<group>"; };
		A0067D377E88768577CB719F /* Pods-tkannaUITests.release.xcconfig */ = {isa = PBXFileReference; includeInIndex = 1; lastKnownFileType = text.xcconfig; name = "Pods-tkannaUITests.release.xcconfig"; path = "Pods/Target Support Files/Pods-tkannaUITests/Pods-tkannaUITests.release.xcconfig"; sourceTree = "<group>"; };
		B79AD5BFFD63F871BAEC101A /* Pods-tkannaUITests.debug.xcconfig */ = {isa = PBXFileReference; includeInIndex = 1; lastKnownFileType = text.xcconfig; name = "Pods-tkannaUITests.debug.xcconfig"; path = "Pods/Target Support Files/Pods-tkannaUITests/Pods-tkannaUITests.debug.xcconfig"; sourceTree = "<group>"; };
		CFFCECD26CE3B2DF54B4B97F /* Pods_tkanna.framework */ = {isa = PBXFileReference; explicitFileType = wrapper.framework; includeInIndex = 0; path = Pods_tkanna.framework; sourceTree = BUILT_PRODUCTS_DIR; };
		E2B4FB964DD2ECEE4CB8693D /* Pods-tkannaTests.debug.xcconfig */ = {isa = PBXFileReference; includeInIndex = 1; lastKnownFileType = text.xcconfig; name = "Pods-tkannaTests.debug.xcconfig"; path = "Pods/Target Support Files/Pods-tkannaTests/Pods-tkannaTests.debug.xcconfig"; sourceTree = "<group>"; };
		F85A66F898814D9FCE0A4F04 /* Pods-tkanna.release.xcconfig */ = {isa = PBXFileReference; includeInIndex = 1; lastKnownFileType = text.xcconfig; name = "Pods-tkanna.release.xcconfig"; path = "Pods/Target Support Files/Pods-tkanna/Pods-tkanna.release.xcconfig"; sourceTree = "<group>"; };
		FB267392B71BDA574D179177 /* Pods_tkannaUITests.framework */ = {isa = PBXFileReference; explicitFileType = wrapper.framework; includeInIndex = 0; path = Pods_tkannaUITests.framework; sourceTree = BUILT_PRODUCTS_DIR; };
/* End PBXFileReference section */

/* Begin PBXFrameworksBuildPhase section */
		5C7A8C7E1D1557B5002DA4B7 /* Frameworks */ = {
			isa = PBXFrameworksBuildPhase;
			buildActionMask = 2147483647;
			files = (
				D069B9EA672A0761DE39CE07 /* Pods_tkanna.framework in Frameworks */,
			);
			runOnlyForDeploymentPostprocessing = 0;
		};
		5C7A8C921D1557B6002DA4B7 /* Frameworks */ = {
			isa = PBXFrameworksBuildPhase;
			buildActionMask = 2147483647;
			files = (
				029E199368A70A6145085884 /* Pods_tkannaTests.framework in Frameworks */,
			);
			runOnlyForDeploymentPostprocessing = 0;
		};
		5C7A8C9D1D1557B6002DA4B7 /* Frameworks */ = {
			isa = PBXFrameworksBuildPhase;
			buildActionMask = 2147483647;
			files = (
				A2BF32A10CE49D51722DD380 /* Pods_tkannaUITests.framework in Frameworks */,
			);
			runOnlyForDeploymentPostprocessing = 0;
		};
/* End PBXFrameworksBuildPhase section */

/* Begin PBXGroup section */
		5C7A8C781D1557B5002DA4B7 = {
			isa = PBXGroup;
			children = (
				5C7A8C831D1557B5002DA4B7 /* tkanna */,
				5C7A8C981D1557B6002DA4B7 /* tkannaTests */,
				5C7A8CA31D1557B6002DA4B7 /* tkannaUITests */,
				5C7A8C821D1557B5002DA4B7 /* Products */,
				69F0484AC951E87EFF9A499F /* Pods */,
				F7F0FED4B13643C44B7B1640 /* Frameworks */,
			);
			sourceTree = "<group>";
		};
		5C7A8C821D1557B5002DA4B7 /* Products */ = {
			isa = PBXGroup;
			children = (
				5C7A8C811D1557B5002DA4B7 /* tkanna.app */,
				5C7A8C951D1557B6002DA4B7 /* tkannaTests.xctest */,
				5C7A8CA01D1557B6002DA4B7 /* tkannaUITests.xctest */,
			);
			name = Products;
			sourceTree = "<group>";
		};
		5C7A8C831D1557B5002DA4B7 /* tkanna */ = {
			isa = PBXGroup;
			children = (
				5CC2C7DB1D723CCF00082983 /* Localizable.strings */,
				5CC2C7D11D723CCE00082983 /* InfoPlist.strings */,
				5C7A8C841D1557B5002DA4B7 /* AppDelegate.swift */,
				5C7A8C861D1557B5002DA4B7 /* ViewController.swift */,
				5C21CDA01D387A290078F56B /* item.swift */,
				5CBD92401D197B3400F0E0B6 /* detailsViewController.swift */,
				5CD11D8A1D390AF50009AFED /* Main.storyboard */,
				5C7A8C8B1D1557B5002DA4B7 /* Assets.xcassets */,
				5C7A8C8D1D1557B5002DA4B7 /* LaunchScreen.storyboard */,
				5C7A8C901D1557B5002DA4B7 /* Info.plist */,
				5C21CD9E1D3863090078F56B /* Images.xcassets */,
				5C1D3D2D1D3BFE05006096F8 /* checkconnection.swift */,
			);
			path = tkanna;
			sourceTree = "<group>";
		};
		5C7A8C981D1557B6002DA4B7 /* tkannaTests */ = {
			isa = PBXGroup;
			children = (
				5CC2C7CC1D723CCE00082983 /* InfoPlist.strings */,
				5C7A8C991D1557B6002DA4B7 /* tkannaTests.swift */,
				5C7A8C9B1D1557B6002DA4B7 /* Info.plist */,
			);
			path = tkannaTests;
			sourceTree = "<group>";
		};
		5C7A8CA31D1557B6002DA4B7 /* tkannaUITests */ = {
			isa = PBXGroup;
			children = (
				5CC2C7D61D723CCF00082983 /* InfoPlist.strings */,
				5C7A8CA41D1557B6002DA4B7 /* tkannaUITests.swift */,
				5C7A8CA61D1557B6002DA4B7 /* Info.plist */,
			);
			path = tkannaUITests;
			sourceTree = "<group>";
		};
		69F0484AC951E87EFF9A499F /* Pods */ = {
			isa = PBXGroup;
			children = (
				1156694C350643AFF7AE14FF /* Pods-tkanna.debug.xcconfig */,
				F85A66F898814D9FCE0A4F04 /* Pods-tkanna.release.xcconfig */,
				E2B4FB964DD2ECEE4CB8693D /* Pods-tkannaTests.debug.xcconfig */,
				8BC2BEC6804E678C88BFBE6D /* Pods-tkannaTests.release.xcconfig */,
				B79AD5BFFD63F871BAEC101A /* Pods-tkannaUITests.debug.xcconfig */,
				A0067D377E88768577CB719F /* Pods-tkannaUITests.release.xcconfig */,
			);
			name = Pods;
			sourceTree = "<group>";
		};
		F7F0FED4B13643C44B7B1640 /* Frameworks */ = {
			isa = PBXGroup;
			children = (
				CFFCECD26CE3B2DF54B4B97F /* Pods_tkanna.framework */,
				64C417B02A6CBE4D98E9FF8A /* Pods_tkannaTests.framework */,
				FB267392B71BDA574D179177 /* Pods_tkannaUITests.framework */,
			);
			name = Frameworks;
			sourceTree = "<group>";
		};
/* End PBXGroup section */

/* Begin PBXNativeTarget section */
		5C7A8C801D1557B5002DA4B7 /* tkanna */ = {
			isa = PBXNativeTarget;
			buildConfigurationList = 5C7A8CA91D1557B6002DA4B7 /* Build configuration list for PBXNativeTarget "tkanna" */;
			buildPhases = (
				399A966C6E241DA28DFB7FC8 /* [CP] Check Pods Manifest.lock */,
				5C7A8C7D1D1557B5002DA4B7 /* Sources */,
				5C7A8C7E1D1557B5002DA4B7 /* Frameworks */,
				5C7A8C7F1D1557B5002DA4B7 /* Resources */,
				E2FEF9F88716D2ADBC6469C7 /* [CP] Embed Pods Frameworks */,
			);
			buildRules = (
			);
			dependencies = (
			);
			name = tkanna;
			productName = tkanna;
			productReference = 5C7A8C811D1557B5002DA4B7 /* tkanna.app */;
			productType = "com.apple.product-type.application";
		};
		5C7A8C941D1557B6002DA4B7 /* tkannaTests */ = {
			isa = PBXNativeTarget;
			buildConfigurationList = 5C7A8CAC1D1557B6002DA4B7 /* Build configuration list for PBXNativeTarget "tkannaTests" */;
			buildPhases = (
				22BA5243FF48D50DBC2129BA /* [CP] Check Pods Manifest.lock */,
				5C7A8C911D1557B6002DA4B7 /* Sources */,
				5C7A8C921D1557B6002DA4B7 /* Frameworks */,
				5C7A8C931D1557B6002DA4B7 /* Resources */,
			);
			buildRules = (
			);
			dependencies = (
				5C7A8C971D1557B6002DA4B7 /* PBXTargetDependency */,
			);
			name = tkannaTests;
			productName = tkannaTests;
			productReference = 5C7A8C951D1557B6002DA4B7 /* tkannaTests.xctest */;
			productType = "com.apple.product-type.bundle.unit-test";
		};
		5C7A8C9F1D1557B6002DA4B7 /* tkannaUITests */ = {
			isa = PBXNativeTarget;
			buildConfigurationList = 5C7A8CAF1D1557B6002DA4B7 /* Build configuration list for PBXNativeTarget "tkannaUITests" */;
			buildPhases = (
				0DD9CF595531A5ED52BEA983 /* [CP] Check Pods Manifest.lock */,
				5C7A8C9C1D1557B6002DA4B7 /* Sources */,
				5C7A8C9D1D1557B6002DA4B7 /* Frameworks */,
				5C7A8C9E1D1557B6002DA4B7 /* Resources */,
			);
			buildRules = (
			);
			dependencies = (
				5C7A8CA21D1557B6002DA4B7 /* PBXTargetDependency */,
			);
			name = tkannaUITests;
			productName = tkannaUITests;
			productReference = 5C7A8CA01D1557B6002DA4B7 /* tkannaUITests.xctest */;
			productType = "com.apple.product-type.bundle.ui-testing";
		};
/* End PBXNativeTarget section */

/* Begin PBXProject section */
		5C7A8C791D1557B5002DA4B7 /* Project object */ = {
			isa = PBXProject;
			attributes = {
				LastSwiftUpdateCheck = 0730;
				LastUpgradeCheck = 0730;
				ORGANIZATIONNAME = "Ahmet Yilmaz";
				TargetAttributes = {
					5C7A8C801D1557B5002DA4B7 = {
						CreatedOnToolsVersion = 7.3.1;
						DevelopmentTeam = 7L99NCXZ7M;
						LastSwiftMigration = 0900;
					};
					5C7A8C941D1557B6002DA4B7 = {
						CreatedOnToolsVersion = 7.3.1;
						LastSwiftMigration = 0900;
						TestTargetID = 5C7A8C801D1557B5002DA4B7;
					};
					5C7A8C9F1D1557B6002DA4B7 = {
						CreatedOnToolsVersion = 7.3.1;
						LastSwiftMigration = 0900;
						TestTargetID = 5C7A8C801D1557B5002DA4B7;
					};
				};
			};
			buildConfigurationList = 5C7A8C7C1D1557B5002DA4B7 /* Build configuration list for PBXProject "tkanna" */;
			compatibilityVersion = "Xcode 3.2";
			developmentRegion = English;
			hasScannedForEncodings = 0;
			knownRegions = (
				en,
				Base,
			);
			mainGroup = 5C7A8C781D1557B5002DA4B7;
			productRefGroup = 5C7A8C821D1557B5002DA4B7 /* Products */;
			projectDirPath = "";
			projectRoot = "";
			targets = (
				5C7A8C801D1557B5002DA4B7 /* tkanna */,
				5C7A8C941D1557B6002DA4B7 /* tkannaTests */,
				5C7A8C9F1D1557B6002DA4B7 /* tkannaUITests */,
			);
		};
/* End PBXProject section */

/* Begin PBXResourcesBuildPhase section */
		5C7A8C7F1D1557B5002DA4B7 /* Resources */ = {
			isa = PBXResourcesBuildPhase;
			buildActionMask = 2147483647;
			files = (
				5C7A8C8F1D1557B5002DA4B7 /* LaunchScreen.storyboard in Resources */,
				5CC2C7D91D723CCF00082983 /* Localizable.strings in Resources */,
				5C21CD9F1D3863090078F56B /* Images.xcassets in Resources */,
				5C7A8C8C1D1557B5002DA4B7 /* Assets.xcassets in Resources */,
				5CD11D8C1D390AF50009AFED /* Main.storyboard in Resources */,
				5CC2C7CF1D723CCE00082983 /* InfoPlist.strings in Resources */,
			);
			runOnlyForDeploymentPostprocessing = 0;
		};
		5C7A8C931D1557B6002DA4B7 /* Resources */ = {
			isa = PBXResourcesBuildPhase;
			buildActionMask = 2147483647;
			files = (
				5CC2C7CA1D723CCE00082983 /* InfoPlist.strings in Resources */,
			);
			runOnlyForDeploymentPostprocessing = 0;
		};
		5C7A8C9E1D1557B6002DA4B7 /* Resources */ = {
			isa = PBXResourcesBuildPhase;
			buildActionMask = 2147483647;
			files = (
				5CC2C7D41D723CCF00082983 /* InfoPlist.strings in Resources */,
			);
			runOnlyForDeploymentPostprocessing = 0;
		};
/* End PBXResourcesBuildPhase section */

/* Begin PBXShellScriptBuildPhase section */
		0DD9CF595531A5ED52BEA983 /* [CP] Check Pods Manifest.lock */ = {
			isa = PBXShellScriptBuildPhase;
			buildActionMask = 2147483647;
			files = (
			);
			inputPaths = (
				"${PODS_PODFILE_DIR_PATH}/Podfile.lock",
				"${PODS_ROOT}/Manifest.lock",
			);
			name = "[CP] Check Pods Manifest.lock";
			outputPaths = (
				"$(DERIVED_FILE_DIR)/Pods-tkannaUITests-checkManifestLockResult.txt",
			);
			runOnlyForDeploymentPostprocessing = 0;
			shellPath = /bin/sh;
			shellScript = "diff \"${PODS_PODFILE_DIR_PATH}/Podfile.lock\" \"${PODS_ROOT}/Manifest.lock\" > /dev/null\nif [ $? != 0 ] ; then\n    # print error to STDERR\n    echo \"error: The sandbox is not in sync with the Podfile.lock. Run 'pod install' or update your CocoaPods installation.\" >&2\n    exit 1\nfi\n# This output is used by Xcode 'outputs' to avoid re-running this script phase.\necho \"SUCCESS\" > \"${SCRIPT_OUTPUT_FILE_0}\"\n";
			showEnvVarsInLog = 0;
		};
		22BA5243FF48D50DBC2129BA /* [CP] Check Pods Manifest.lock */ = {
			isa = PBXShellScriptBuildPhase;
			buildActionMask = 2147483647;
			files = (
			);
			inputPaths = (
				"${PODS_PODFILE_DIR_PATH}/Podfile.lock",
				"${PODS_ROOT}/Manifest.lock",
			);
			name = "[CP] Check Pods Manifest.lock";
			outputPaths = (
				"$(DERIVED_FILE_DIR)/Pods-tkannaTests-checkManifestLockResult.txt",
			);
			runOnlyForDeploymentPostprocessing = 0;
			shellPath = /bin/sh;
			shellScript = "diff \"${PODS_PODFILE_DIR_PATH}/Podfile.lock\" \"${PODS_ROOT}/Manifest.lock\" > /dev/null\nif [ $? != 0 ] ; then\n    # print error to STDERR\n    echo \"error: The sandbox is not in sync with the Podfile.lock. Run 'pod install' or update your CocoaPods installation.\" >&2\n    exit 1\nfi\n# This output is used by Xcode 'outputs' to avoid re-running this script phase.\necho \"SUCCESS\" > \"${SCRIPT_OUTPUT_FILE_0}\"\n";
			showEnvVarsInLog = 0;
		};
		399A966C6E241DA28DFB7FC8 /* [CP] Check Pods Manifest.lock */ = {
			isa = PBXShellScriptBuildPhase;
			buildActionMask = 2147483647;
			files = (
			);
			inputPaths = (
				"${PODS_PODFILE_DIR_PATH}/Podfile.lock",
				"${PODS_ROOT}/Manifest.lock",
			);
			name = "[CP] Check Pods Manifest.lock";
			outputPaths = (
				"$(DERIVED_FILE_DIR)/Pods-tkanna-checkManifestLockResult.txt",
			);
			runOnlyForDeploymentPostprocessing = 0;
			shellPath = /bin/sh;
			shellScript = "diff \"${PODS_PODFILE_DIR_PATH}/Podfile.lock\" \"${PODS_ROOT}/Manifest.lock\" > /dev/null\nif [ $? != 0 ] ; then\n    # print error to STDERR\n    echo \"error: The sandbox is not in sync with the Podfile.lock. Run 'pod install' or update your CocoaPods installation.\" >&2\n    exit 1\nfi\n# This output is used by Xcode 'outputs' to avoid re-running this script phase.\necho \"SUCCESS\" > \"${SCRIPT_OUTPUT_FILE_0}\"\n";
			showEnvVarsInLog = 0;
		};
		E2FEF9F88716D2ADBC6469C7 /* [CP] Embed Pods Frameworks */ = {
			isa = PBXShellScriptBuildPhase;
			buildActionMask = 2147483647;
			files = (
			);
			inputPaths = (
				"${PODS_ROOT}/Target Support Files/Pods-tkanna/Pods-tkanna-frameworks.sh",
				"${BUILT_PRODUCTS_DIR}/Kanna/Kanna.framework",
			);
			name = "[CP] Embed Pods Frameworks";
			outputPaths = (
				"${TARGET_BUILD_DIR}/${FRAMEWORKS_FOLDER_PATH}/Kanna.framework",
			);
			runOnlyForDeploymentPostprocessing = 0;
			shellPath = /bin/sh;
			shellScript = "\"${PODS_ROOT}/Target Support Files/Pods-tkanna/Pods-tkanna-frameworks.sh\"\n";
			showEnvVarsInLog = 0;
		};
/* End PBXShellScriptBuildPhase section */

/* Begin PBXSourcesBuildPhase section */
		5C7A8C7D1D1557B5002DA4B7 /* Sources */ = {
			isa = PBXSourcesBuildPhase;
			buildActionMask = 2147483647;
			files = (
				5C21CDA11D387A290078F56B /* item.swift in Sources */,
				5C1D3D2E1D3BFE05006096F8 /* checkconnection.swift in Sources */,
				5C7A8C871D1557B5002DA4B7 /* ViewController.swift in Sources */,
				5CBD92411D197B3400F0E0B6 /* detailsViewController.swift in Sources */,
				5C7A8C851D1557B5002DA4B7 /* AppDelegate.swift in Sources */,
			);
			runOnlyForDeploymentPostprocessing = 0;
		};
		5C7A8C911D1557B6002DA4B7 /* Sources */ = {
			isa = PBXSourcesBuildPhase;
			buildActionMask = 2147483647;
			files = (
				5C7A8C9A1D1557B6002DA4B7 /* tkannaTests.swift in Sources */,
			);
			runOnlyForDeploymentPostprocessing = 0;
		};
		5C7A8C9C1D1557B6002DA4B7 /* Sources */ = {
			isa = PBXSourcesBuildPhase;
			buildActionMask = 2147483647;
			files = (
				5C7A8CA51D1557B6002DA4B7 /* tkannaUITests.swift in Sources */,
			);
			runOnlyForDeploymentPostprocessing = 0;
		};
/* End PBXSourcesBuildPhase section */

/* Begin PBXTargetDependency section */
		5C7A8C971D1557B6002DA4B7 /* PBXTargetDependency */ = {
			isa = PBXTargetDependency;
			target = 5C7A8C801D1557B5002DA4B7 /* tkanna */;
			targetProxy = 5C7A8C961D1557B6002DA4B7 /* PBXContainerItemProxy */;
		};
		5C7A8CA21D1557B6002DA4B7 /* PBXTargetDependency */ = {
			isa = PBXTargetDependency;
			target = 5C7A8C801D1557B5002DA4B7 /* tkanna */;
			targetProxy = 5C7A8CA11D1557B6002DA4B7 /* PBXContainerItemProxy */;
		};
/* End PBXTargetDependency section */

/* Begin PBXVariantGroup section */
		5C7A8C8D1D1557B5002DA4B7 /* LaunchScreen.storyboard */ = {
			isa = PBXVariantGroup;
			children = (
				5C7A8C8E1D1557B5002DA4B7 /* Base */,
				5CC2C7BF1D72348100082983 /* de */,
				5CC2C7C11D72348700082983 /* fr */,
				5CC2C7C31D72349000082983 /* nl */,
				5CC2C7C51D72349800082983 /* pl */,
				5CC2C7C71D72349E00082983 /* tr */,
			);
			name = LaunchScreen.storyboard;
			sourceTree = "<group>";
		};
		5CC2C7CC1D723CCE00082983 /* InfoPlist.strings */ = {
			isa = PBXVariantGroup;
			children = (
				5CC2C7CB1D723CCE00082983 /* de */,
				5CC2C7DC1D723CE700082983 /* fr */,
				5CC2C7E01D723CFD00082983 /* nl */,
				5CC2C7E41D723D1200082983 /* pl */,
				5CC2C7E81D723D2800082983 /* tr */,
			);
			name = InfoPlist.strings;
			sourceTree = "<group>";
		};
		5CC2C7D11D723CCE00082983 /* InfoPlist.strings */ = {
			isa = PBXVariantGroup;
			children = (
				5CC2C7D01D723CCE00082983 /* de */,
				5CC2C7DD1D723CE700082983 /* fr */,
				5CC2C7E11D723CFE00082983 /* nl */,
				5CC2C7E51D723D1200082983 /* pl */,
				5CC2C7E91D723D2800082983 /* tr */,
			);
			name = InfoPlist.strings;
			sourceTree = "<group>";
		};
		5CC2C7D61D723CCF00082983 /* InfoPlist.strings */ = {
			isa = PBXVariantGroup;
			children = (
				5CC2C7D51D723CCF00082983 /* de */,
				5CC2C7DE1D723CE700082983 /* fr */,
				5CC2C7E21D723CFE00082983 /* nl */,
				5CC2C7E61D723D1200082983 /* pl */,
				5CC2C7EA1D723D2900082983 /* tr */,
			);
			name = InfoPlist.strings;
			sourceTree = "<group>";
		};
		5CC2C7DB1D723CCF00082983 /* Localizable.strings */ = {
			isa = PBXVariantGroup;
			children = (
				5CC2C7DA1D723CCF00082983 /* de */,
				5CC2C7DF1D723CE700082983 /* fr */,
				5CC2C7E31D723CFE00082983 /* nl */,
				5CC2C7E71D723D1300082983 /* pl */,
				5CC2C7EB1D723D2900082983 /* tr */,
			);
			name = Localizable.strings;
			sourceTree = "<group>";
		};
		5CD11D8A1D390AF50009AFED /* Main.storyboard */ = {
			isa = PBXVariantGroup;
			children = (
				5CD11D8B1D390AF50009AFED /* Base */,
				5CC2C7BE1D72348100082983 /* de */,
				5CC2C7C01D72348700082983 /* fr */,
				5CC2C7C21D72349000082983 /* nl */,
				5CC2C7C41D72349800082983 /* pl */,
				5CC2C7C61D72349E00082983 /* tr */,
			);
			name = Main.storyboard;
			sourceTree = "<group>";
		};
/* End PBXVariantGroup section */

/* Begin XCBuildConfiguration section */
		5C7A8CA71D1557B6002DA4B7 /* Debug */ = {
			isa = XCBuildConfiguration;
			buildSettings = {
				ALWAYS_SEARCH_USER_PATHS = NO;
				CLANG_ANALYZER_NONNULL = YES;
				CLANG_CXX_LANGUAGE_STANDARD = "gnu++0x";
				CLANG_CXX_LIBRARY = "libc++";
				CLANG_ENABLE_MODULES = YES;
				CLANG_ENABLE_OBJC_ARC = YES;
				CLANG_WARN_BOOL_CONVERSION = YES;
				CLANG_WARN_CONSTANT_CONVERSION = YES;
				CLANG_WARN_DIRECT_OBJC_ISA_USAGE = YES_ERROR;
				CLANG_WARN_EMPTY_BODY = YES;
				CLANG_WARN_ENUM_CONVERSION = YES;
				CLANG_WARN_INT_CONVERSION = YES;
				CLANG_WARN_OBJC_ROOT_CLASS = YES_ERROR;
				CLANG_WARN_UNREACHABLE_CODE = YES;
				CLANG_WARN__DUPLICATE_METHOD_MATCH = YES;
				"CODE_SIGN_IDENTITY[sdk=iphoneos*]" = "iPhone Developer";
				COPY_PHASE_STRIP = NO;
				DEBUG_INFORMATION_FORMAT = dwarf;
				ENABLE_STRICT_OBJC_MSGSEND = YES;
				ENABLE_TESTABILITY = YES;
				GCC_C_LANGUAGE_STANDARD = gnu99;
				GCC_DYNAMIC_NO_PIC = NO;
				GCC_NO_COMMON_BLOCKS = YES;
				GCC_OPTIMIZATION_LEVEL = 0;
				GCC_PREPROCESSOR_DEFINITIONS = (
					"DEBUG=1",
					"$(inherited)",
				);
				GCC_WARN_64_TO_32_BIT_CONVERSION = YES;
				GCC_WARN_ABOUT_RETURN_TYPE = YES_ERROR;
				GCC_WARN_UNDECLARED_SELECTOR = YES;
				GCC_WARN_UNINITIALIZED_AUTOS = YES_AGGRESSIVE;
				GCC_WARN_UNUSED_FUNCTION = YES;
				GCC_WARN_UNUSED_VARIABLE = YES;
				IPHONEOS_DEPLOYMENT_TARGET = 11.0;
				MTL_ENABLE_DEBUG_INFO = YES;
				ONLY_ACTIVE_ARCH = YES;
				SDKROOT = iphoneos;
				SWIFT_OPTIMIZATION_LEVEL = "-Onone";
				SWIFT_VERSION = 3.0;
			};
			name = Debug;
		};
		5C7A8CA81D1557B6002DA4B7 /* Release */ = {
			isa = XCBuildConfiguration;
			buildSettings = {
				ALWAYS_SEARCH_USER_PATHS = NO;
				CLANG_ANALYZER_NONNULL = YES;
				CLANG_CXX_LANGUAGE_STANDARD = "gnu++0x";
				CLANG_CXX_LIBRARY = "libc++";
				CLANG_ENABLE_MODULES = YES;
				CLANG_ENABLE_OBJC_ARC = YES;
				CLANG_WARN_BOOL_CONVERSION = YES;
				CLANG_WARN_CONSTANT_CONVERSION = YES;
				CLANG_WARN_DIRECT_OBJC_ISA_USAGE = YES_ERROR;
				CLANG_WARN_EMPTY_BODY = YES;
				CLANG_WARN_ENUM_CONVERSION = YES;
				CLANG_WARN_INT_CONVERSION = YES;
				CLANG_WARN_OBJC_ROOT_CLASS = YES_ERROR;
				CLANG_WARN_UNREACHABLE_CODE = YES;
				CLANG_WARN__DUPLICATE_METHOD_MATCH = YES;
				"CODE_SIGN_IDENTITY[sdk=iphoneos*]" = "iPhone Developer";
				COPY_PHASE_STRIP = NO;
				DEBUG_INFORMATION_FORMAT = "dwarf-with-dsym";
				ENABLE_NS_ASSERTIONS = NO;
				ENABLE_STRICT_OBJC_MSGSEND = YES;
				GCC_C_LANGUAGE_STANDARD = gnu99;
				GCC_NO_COMMON_BLOCKS = YES;
				GCC_WARN_64_TO_32_BIT_CONVERSION = YES;
				GCC_WARN_ABOUT_RETURN_TYPE = YES_ERROR;
				GCC_WARN_UNDECLARED_SELECTOR = YES;
				GCC_WARN_UNINITIALIZED_AUTOS = YES_AGGRESSIVE;
				GCC_WARN_UNUSED_FUNCTION = YES;
				GCC_WARN_UNUSED_VARIABLE = YES;
				IPHONEOS_DEPLOYMENT_TARGET = 11.0;
				MTL_ENABLE_DEBUG_INFO = NO;
				SDKROOT = iphoneos;
				SWIFT_VERSION = 3.0;
				VALIDATE_PRODUCT = YES;
			};
			name = Release;
		};
		5C7A8CAA1D1557B6002DA4B7 /* Debug */ = {
			isa = XCBuildConfiguration;
			baseConfigurationReference = 1156694C350643AFF7AE14FF /* Pods-tkanna.debug.xcconfig */;
			buildSettings = {
				ASSETCATALOG_COMPILER_APPICON_NAME = AppIcon;
				ASSETCATALOG_COMPILER_LAUNCHIMAGE_NAME = "Brand Assets";
				CODE_SIGN_IDENTITY = "iPhone Developer";
				"CODE_SIGN_IDENTITY[sdk=iphoneos*]" = "iPhone Developer: mevlut ahmet yilmaz (NJXBAFFC4G)";
				INFOPLIST_FILE = tkanna/Info.plist;
				LD_RUNPATH_SEARCH_PATHS = "$(inherited) @executable_path/Frameworks";
				PRODUCT_BUNDLE_IDENTIFIER = co.swift.tkanna;
				PRODUCT_NAME = "$(TARGET_NAME)";
				PROVISIONING_PROFILE = "";
				SWIFT_SWIFT3_OBJC_INFERENCE = On;
				SWIFT_VERSION = 4.0;
				TARGETED_DEVICE_FAMILY = 1;
			};
			name = Debug;
		};
		5C7A8CAB1D1557B6002DA4B7 /* Release */ = {
			isa = XCBuildConfiguration;
			baseConfigurationReference = F85A66F898814D9FCE0A4F04 /* Pods-tkanna.release.xcconfig */;
			buildSettings = {
				ASSETCATALOG_COMPILER_APPICON_NAME = AppIcon;
				ASSETCATALOG_COMPILER_LAUNCHIMAGE_NAME = "Brand Assets";
				CODE_SIGN_IDENTITY = "iPhone Developer";
				"CODE_SIGN_IDENTITY[sdk=iphoneos*]" = "iPhone Developer: mevlut ahmet yilmaz (NJXBAFFC4G)";
				INFOPLIST_FILE = tkanna/Info.plist;
				LD_RUNPATH_SEARCH_PATHS = "$(inherited) @executable_path/Frameworks";
				PRODUCT_BUNDLE_IDENTIFIER = co.swift.tkanna;
				PRODUCT_NAME = "$(TARGET_NAME)";
				PROVISIONING_PROFILE = "";
				SWIFT_SWIFT3_OBJC_INFERENCE = On;
				SWIFT_VERSION = 4.0;
				TARGETED_DEVICE_FAMILY = 1;
			};
			name = Release;
		};
		5C7A8CAD1D1557B6002DA4B7 /* Debug */ = {
			isa = XCBuildConfiguration;
			baseConfigurationReference = E2B4FB964DD2ECEE4CB8693D /* Pods-tkannaTests.debug.xcconfig */;
			buildSettings = {
				BUNDLE_LOADER = "$(TEST_HOST)";
				INFOPLIST_FILE = tkannaTests/Info.plist;
				LD_RUNPATH_SEARCH_PATHS = "$(inherited) @executable_path/Frameworks @loader_path/Frameworks";
				PRODUCT_BUNDLE_IDENTIFIER = co.swift.tkannaTests;
				PRODUCT_NAME = "$(TARGET_NAME)";
				SWIFT_SWIFT3_OBJC_INFERENCE = On;
				SWIFT_VERSION = 4.0;
				TEST_HOST = "$(BUILT_PRODUCTS_DIR)/tkanna.app/tkanna";
			};
			name = Debug;
		};
		5C7A8CAE1D1557B6002DA4B7 /* Release */ = {
			isa = XCBuildConfiguration;
			baseConfigurationReference = 8BC2BEC6804E678C88BFBE6D /* Pods-tkannaTests.release.xcconfig */;
			buildSettings = {
				BUNDLE_LOADER = "$(TEST_HOST)";
				INFOPLIST_FILE = tkannaTests/Info.plist;
				LD_RUNPATH_SEARCH_PATHS = "$(inherited) @executable_path/Frameworks @loader_path/Frameworks";
				PRODUCT_BUNDLE_IDENTIFIER = co.swift.tkannaTests;
				PRODUCT_NAME = "$(TARGET_NAME)";
				SWIFT_SWIFT3_OBJC_INFERENCE = On;
				SWIFT_VERSION = 4.0;
				TEST_HOST = "$(BUILT_PRODUCTS_DIR)/tkanna.app/tkanna";
			};
			name = Release;
		};
		5C7A8CB01D1557B6002DA4B7 /* Debug */ = {
			isa = XCBuildConfiguration;
			baseConfigurationReference = B79AD5BFFD63F871BAEC101A /* Pods-tkannaUITests.debug.xcconfig */;
			buildSettings = {
				INFOPLIST_FILE = tkannaUITests/Info.plist;
				LD_RUNPATH_SEARCH_PATHS = "$(inherited) @executable_path/Frameworks @loader_path/Frameworks";
				PRODUCT_BUNDLE_IDENTIFIER = co.swift.tkannaUITests;
				PRODUCT_NAME = "$(TARGET_NAME)";
				SWIFT_SWIFT3_OBJC_INFERENCE = On;
				SWIFT_VERSION = 4.0;
				TEST_TARGET_NAME = tkanna;
			};
			name = Debug;
		};
		5C7A8CB11D1557B6002DA4B7 /* Release */ = {
			isa = XCBuildConfiguration;
			baseConfigurationReference = A0067D377E88768577CB719F /* Pods-tkannaUITests.release.xcconfig */;
			buildSettings = {
				INFOPLIST_FILE = tkannaUITests/Info.plist;
				LD_RUNPATH_SEARCH_PATHS = "$(inherited) @executable_path/Frameworks @loader_path/Frameworks";
				PRODUCT_BUNDLE_IDENTIFIER = co.swift.tkannaUITests;
				PRODUCT_NAME = "$(TARGET_NAME)";
				SWIFT_SWIFT3_OBJC_INFERENCE = On;
				SWIFT_VERSION = 4.0;
				TEST_TARGET_NAME = tkanna;
			};
			name = Release;
		};
/* End XCBuildConfiguration section */

/* Begin XCConfigurationList section */
		5C7A8C7C1D1557B5002DA4B7 /* Build configuration list for PBXProject "tkanna" */ = {
			isa = XCConfigurationList;
			buildConfigurations = (
				5C7A8CA71D1557B6002DA4B7 /* Debug */,
				5C7A8CA81D1557B6002DA4B7 /* Release */,
			);
			defaultConfigurationIsVisible = 0;
			defaultConfigurationName = Release;
		};
		5C7A8CA91D1557B6002DA4B7 /* Build configuration list for PBXNativeTarget "tkanna" */ = {
			isa = XCConfigurationList;
			buildConfigurations = (
				5C7A8CAA1D1557B6002DA4B7 /* Debug */,
				5C7A8CAB1D1557B6002DA4B7 /* Release */,
			);
			defaultConfigurationIsVisible = 0;
			defaultConfigurationName = Release;
		};
		5C7A8CAC1D1557B6002DA4B7 /* Build configuration list for PBXNativeTarget "tkannaTests" */ = {
			isa = XCConfigurationList;
			buildConfigurations = (
				5C7A8CAD1D1557B6002DA4B7 /* Debug */,
				5C7A8CAE1D1557B6002DA4B7 /* Release */,
			);
			defaultConfigurationIsVisible = 0;
			defaultConfigurationName = Release;
		};
		5C7A8CAF1D1557B6002DA4B7 /* Build configuration list for PBXNativeTarget "tkannaUITests" */ = {
			isa = XCConfigurationList;
			buildConfigurations = (
				5C7A8CB01D1557B6002DA4B7 /* Debug */,
				5C7A8CB11D1557B6002DA4B7 /* Release */,
			);
			defaultConfigurationIsVisible = 0;
			defaultConfigurationName = Release;
		};
/* End XCConfigurationList section */
	};
	rootObject = 5C7A8C791D1557B5002DA4B7 /* Project object */;
}
